
Microsoft Visual Studio Solution File, Format Version 12.00
# Visual Studio Version 17
VisualStudioVersion = 17.7.34024.191
MinimumVisualStudioVersion = 10.0.40219.1
Project("{FAE04EC0-301F-11D3-BF4B-00C04F79EFBC}") = "IteratorPattern", "IteratorPattern\IteratorPattern.csproj", "{C9F33A89-5010-4E05-973C-BFAC17481CCD}"
EndProject
Global
	GlobalSection(SolutionConfigurationPlatforms) = preSolution
		Debug|Any CPU = Debug|Any CPU
		Release|Any CPU = Release|Any CPU
	EndGlobalSection
	GlobalSection(ProjectConfigurationPlatforms) = postSolution
		{C9F33A89-5010-4E05-973C-BFAC17481CCD}.Debug|Any CPU.ActiveCfg = Debug|Any CPU
		{C9F33A89-5010-4E05-973C-BFAC17481CCD}.Debug|Any CPU.Build.0 = Debug|Any CPU
		{C9F33A89-5010-4E05-973C-BFAC17481CCD}.Release|Any CPU.ActiveCfg = Release|Any CPU
		{C9F33A89-5010-4E05-973C-BFAC17481CCD}.Release|Any CPU.Build.0 = Release|Any CPU
	EndGlobalSection
	GlobalSection(SolutionProperties) = preSolution
		HideSolutionNode = FALSE
	EndGlobalSection
	GlobalSection(ExtensibilityGlobals) = postSolution
		SolutionGuid = {A003C6E1-34D0-4E54-B620-7F9A07BC7ECE}
	EndGlobalSection
EndGlobal
