
Microsoft Visual Studio Solution File, Format Version 12.00
# Visual Studio Version 17
VisualStudioVersion = 17.11.35219.272
MinimumVisualStudioVersion = 10.0.40219.1
Project("{9A19103F-16F7-4668-BE54-9A1E7A4F7556}") = "Polymorphism", "lab1\Polymorphism.csproj", "{04EB5F98-2862-4106-A130-B821434CC50E}"
EndProject
Project("{9A19103F-16F7-4668-BE54-9A1E7A4F7556}") = "ProductLib", "Product\ProductLib.csproj", "{168F96BD-B443-42E9-8FA3-344F57E01CE9}"
EndProject
Global
	GlobalSection(SolutionConfigurationPlatforms) = preSolution
		Debug|Any CPU = Debug|Any CPU
		Release|Any CPU = Release|Any CPU
	EndGlobalSection
	GlobalSection(ProjectConfigurationPlatforms) = postSolution
		{04EB5F98-2862-4106-A130-B821434CC50E}.Debug|Any CPU.ActiveCfg = Debug|Any CPU
		{04EB5F98-2862-4106-A130-B821434CC50E}.Debug|Any CPU.Build.0 = Debug|Any CPU
		{04EB5F98-2862-4106-A130-B821434CC50E}.Release|Any CPU.ActiveCfg = Release|Any CPU
		{04EB5F98-2862-4106-A130-B821434CC50E}.Release|Any CPU.Build.0 = Release|Any CPU
		{168F96BD-B443-42E9-8FA3-344F57E01CE9}.Debug|Any CPU.ActiveCfg = Debug|Any CPU
		{168F96BD-B443-42E9-8FA3-344F57E01CE9}.Debug|Any CPU.Build.0 = Debug|Any CPU
		{168F96BD-B443-42E9-8FA3-344F57E01CE9}.Release|Any CPU.ActiveCfg = Release|Any CPU
		{168F96BD-B443-42E9-8FA3-344F57E01CE9}.Release|Any CPU.Build.0 = Release|Any CPU
	EndGlobalSection
	GlobalSection(SolutionProperties) = preSolution
		HideSolutionNode = FALSE
	EndGlobalSection
	GlobalSection(ExtensibilityGlobals) = postSolution
		SolutionGuid = {94472863-0437-40BB-816D-328A8AB0ACFF}
	EndGlobalSection
EndGlobal
