
Microsoft Visual Studio Solution File, Format Version 12.00
# Visual Studio Version 17
VisualStudioVersion = 17.11.35219.272
MinimumVisualStudioVersion = 10.0.40219.1
Project("{FAE04EC0-301F-11D3-BF4B-00C04F79EFBC}") = "DecoratorPattern", "DecoratorPattern\DecoratorPattern.csproj", "{2509F49F-AB97-43B4-B86D-22C2240DEB5D}"
EndProject
Project("{FAE04EC0-301F-11D3-BF4B-00C04F79EFBC}") = "NotificationLib", "NotificationLib\NotificationLib.csproj", "{D02F2D52-AE96-4AA4-9F12-DD888ED99D8B}"
EndProject
Global
	GlobalSection(SolutionConfigurationPlatforms) = preSolution
		Debug|Any CPU = Debug|Any CPU
		Release|Any CPU = Release|Any CPU
	EndGlobalSection
	GlobalSection(ProjectConfigurationPlatforms) = postSolution
		{2509F49F-AB97-43B4-B86D-22C2240DEB5D}.Debug|Any CPU.ActiveCfg = Debug|Any CPU
		{2509F49F-AB97-43B4-B86D-22C2240DEB5D}.Debug|Any CPU.Build.0 = Debug|Any CPU
		{2509F49F-AB97-43B4-B86D-22C2240DEB5D}.Release|Any CPU.ActiveCfg = Release|Any CPU
		{2509F49F-AB97-43B4-B86D-22C2240DEB5D}.Release|Any CPU.Build.0 = Release|Any CPU
		{D02F2D52-AE96-4AA4-9F12-DD888ED99D8B}.Debug|Any CPU.ActiveCfg = Debug|Any CPU
		{D02F2D52-AE96-4AA4-9F12-DD888ED99D8B}.Debug|Any CPU.Build.0 = Debug|Any CPU
		{D02F2D52-AE96-4AA4-9F12-DD888ED99D8B}.Release|Any CPU.ActiveCfg = Release|Any CPU
		{D02F2D52-AE96-4AA4-9F12-DD888ED99D8B}.Release|Any CPU.Build.0 = Release|Any CPU
	EndGlobalSection
	GlobalSection(SolutionProperties) = preSolution
		HideSolutionNode = FALSE
	EndGlobalSection
	GlobalSection(ExtensibilityGlobals) = postSolution
		SolutionGuid = {DF32DD1B-7B34-4D38-B182-7031F46BC4D7}
	EndGlobalSection
EndGlobal
