
Microsoft Visual Studio Solution File, Format Version 12.00
# Visual Studio Version 17
VisualStudioVersion = 17.11.35219.272
MinimumVisualStudioVersion = 10.0.40219.1
Project("{9A19103F-16F7-4668-BE54-9A1E7A4F7556}") = "ChainOfResponsibilityPattern", "ChainOfResponsibilityPattern.csproj", "{81E16587-1F8A-4430-B185-1590ADEB77CF}"
EndProject
Project("{FAE04EC0-301F-11D3-BF4B-00C04F79EFBC}") = "ChainOfResponsibilityPatternLib", "..\ChainOfResponsibilityPatternLib\ChainOfResponsibilityPatternLib.csproj", "{B1AA81EE-B093-4508-B1B1-8B6B28BE5FEA}"
EndProject
Global
	GlobalSection(SolutionConfigurationPlatforms) = preSolution
		Debug|Any CPU = Debug|Any CPU
		Release|Any CPU = Release|Any CPU
	EndGlobalSection
	GlobalSection(ProjectConfigurationPlatforms) = postSolution
		{81E16587-1F8A-4430-B185-1590ADEB77CF}.Debug|Any CPU.ActiveCfg = Debug|Any CPU
		{81E16587-1F8A-4430-B185-1590ADEB77CF}.Debug|Any CPU.Build.0 = Debug|Any CPU
		{81E16587-1F8A-4430-B185-1590ADEB77CF}.Release|Any CPU.ActiveCfg = Release|Any CPU
		{81E16587-1F8A-4430-B185-1590ADEB77CF}.Release|Any CPU.Build.0 = Release|Any CPU
		{B1AA81EE-B093-4508-B1B1-8B6B28BE5FEA}.Debug|Any CPU.ActiveCfg = Debug|Any CPU
		{B1AA81EE-B093-4508-B1B1-8B6B28BE5FEA}.Debug|Any CPU.Build.0 = Debug|Any CPU
		{B1AA81EE-B093-4508-B1B1-8B6B28BE5FEA}.Release|Any CPU.ActiveCfg = Release|Any CPU
		{B1AA81EE-B093-4508-B1B1-8B6B28BE5FEA}.Release|Any CPU.Build.0 = Release|Any CPU
	EndGlobalSection
	GlobalSection(SolutionProperties) = preSolution
		HideSolutionNode = FALSE
	EndGlobalSection
	GlobalSection(ExtensibilityGlobals) = postSolution
		SolutionGuid = {5908F0C1-527C-4D6D-9AFE-E21C96FA8331}
	EndGlobalSection
EndGlobal
